lockfileVersion: '9.0'

settings:
  autoInstallPeers: true
  excludeLinksFromLockfile: false

importers:

  .:
    dependencies:
      next:
        specifier: ^14.2.4
        version: 14.2.32(react-dom@18.3.1(react@18.3.1))(react@18.3.1)
      pixi-live2d-display-lipsyncpatch:
        specifier: ^0.5.0-ls-8
        version: 0.5.0-ls-8(pixi.js@7.4.3)
      pixi.js:
        specifier: ^7.4.3
        version: 7.4.3
      react:
        specifier: ^18.3.1
        version: 18.3.1
      react-dom:
        specifier: ^18.3.1
        version: 18.3.1(react@18.3.1)
    devDependencies:
      '@types/node':
        specifier: ^20.14.10
        version: 20.19.14
      '@types/react':
        specifier: ^18.3.7
        version: 18.3.24
      '@types/react-dom':
        specifier: ^18.3.0
        version: 18.3.7(@types/react@18.3.24)
      typescript:
        specifier: ^5.6.2
        version: 5.9.2

packages:

  '@jridgewell/gen-mapping@0.3.13':
    resolution: {integrity: sha512-2kkt/7niJ6MgEPxF0bYdQ6etZaA+fQvDcLKckhy1yIQOzaoKjBBjSj63/aLVjYE3qhRt5dvM+uUyfCg6UKCBbA==}

  '@jridgewell/resolve-uri@3.1.2':
    resolution: {integrity: sha512-bRISgCIjP20/tbWSPWMEi54QVPRZExkuD9lJL+UIxUKtwVJA8wW1Trb1jMs1RFXo1CBTNZ/5hpC9QvmKWdopKw==}
    engines: {node: '>=6.0.0'}

  '@jridgewell/source-map@0.3.11':
    resolution: {integrity: sha512-ZMp1V8ZFcPG5dIWnQLr3NSI1MiCU7UETdS/A0G8V/XWHvJv3ZsFqutJn1Y5RPmAPX6F3BiE397OqveU/9NCuIA==}

  '@jridgewell/sourcemap-codec@1.5.5':
    resolution: {integrity: sha512-cYQ9310grqxueWbl+WuIUIaiUaDcj7WOq5fVhEljNVgRfOUhY9fy2zTvfoqWsnebh8Sl70VScFbICvJnLKB0Og==}

  '@jridgewell/trace-mapping@0.3.31':
    resolution: {integrity: sha512-zzNR+SdQSDJzc8joaeP8QQoCQr8NuYx2dIIytl1QeBEZHJ9uW6hebsrYgbz8hJwUQao3TWCMtmfV8Nu1twOLAw==}

  '@next/env@14.2.32':
    resolution: {integrity: sha512-n9mQdigI6iZ/DF6pCTwMKeWgF2e8lg7qgt5M7HXMLtyhZYMnf/u905M18sSpPmHL9MKp9JHo56C6jrD2EvWxng==}

  '@next/swc-darwin-arm64@14.2.32':
    resolution: {integrity: sha512-osHXveM70zC+ilfuFa/2W6a1XQxJTvEhzEycnjUaVE8kpUS09lDpiDDX2YLdyFCzoUbvbo5r0X1Kp4MllIOShw==}
    engines: {node: '>= 10'}
    cpu: [arm64]
    os: [darwin]

  '@next/swc-darwin-x64@14.2.32':
    resolution: {integrity: sha512-P9NpCAJuOiaHHpqtrCNncjqtSBi1f6QUdHK/+dNabBIXB2RUFWL19TY1Hkhu74OvyNQEYEzzMJCMQk5agjw1Qg==}
    engines: {node: '>= 10'}
    cpu: [x64]
    os: [darwin]

  '@next/swc-linux-arm64-gnu@14.2.32':
    resolution: {integrity: sha512-v7JaO0oXXt6d+cFjrrKqYnR2ubrD+JYP7nQVRZgeo5uNE5hkCpWnHmXm9vy3g6foMO8SPwL0P3MPw1c+BjbAzA==}
    engines: {node: '>= 10'}
    cpu: [arm64]
    os: [linux]
    libc: [glibc]

  '@next/swc-linux-arm64-musl@14.2.32':
    resolution: {integrity: sha512-tA6sIKShXtSJBTH88i0DRd6I9n3ZTirmwpwAqH5zdJoQF7/wlJXR8DkPmKwYl5mFWhEKr5IIa3LfpMW9RRwKmQ==}
    engines: {node: '>= 10'}
    cpu: [arm64]
    os: [linux]
    libc: [musl]

  '@next/swc-linux-x64-gnu@14.2.32':
    resolution: {integrity: sha512-7S1GY4TdnlGVIdeXXKQdDkfDysoIVFMD0lJuVVMeb3eoVjrknQ0JNN7wFlhCvea0hEk0Sd4D1hedVChDKfV2jw==}
    engines: {node: '>= 10'}
    cpu: [x64]
    os: [linux]
    libc: [glibc]

  '@next/swc-linux-x64-musl@14.2.32':
    resolution: {integrity: sha512-OHHC81P4tirVa6Awk6eCQ6RBfWl8HpFsZtfEkMpJ5GjPsJ3nhPe6wKAJUZ/piC8sszUkAgv3fLflgzPStIwfWg==}
    engines: {node: '>= 10'}
    cpu: [x64]
    os: [linux]
    libc: [musl]

  '@next/swc-win32-arm64-msvc@14.2.32':
    resolution: {integrity: sha512-rORQjXsAFeX6TLYJrCG5yoIDj+NKq31Rqwn8Wpn/bkPNy5rTHvOXkW8mLFonItS7QC6M+1JIIcLe+vOCTOYpvg==}
    engines: {node: '>= 10'}
    cpu: [arm64]
    os: [win32]

  '@next/swc-win32-ia32-msvc@14.2.32':
    resolution: {integrity: sha512-jHUeDPVHrgFltqoAqDB6g6OStNnFxnc7Aks3p0KE0FbwAvRg6qWKYF5mSTdCTxA3axoSAUwxYdILzXJfUwlHhA==}
    engines: {node: '>= 10'}
    cpu: [ia32]
    os: [win32]

  '@next/swc-win32-x64-msvc@14.2.32':
    resolution: {integrity: sha512-2N0lSoU4GjfLSO50wvKpMQgKd4HdI2UHEhQPPPnlgfBJlOgJxkjpkYBqzk08f1gItBB6xF/n+ykso2hgxuydsA==}
    engines: {node: '>= 10'}
    cpu: [x64]
    os: [win32]

  '@pixi/accessibility@7.4.3':
    resolution: {integrity: sha512-tCr0yeWpMe0yucFvEPidy5a7gVJGpTjqGrDpSEBYT/kbScfUwcoX49RrckCCCiXDlyO4WRh9lVVuHXTvqRLIMg==}
    peerDependencies:
      '@pixi/core': 7.4.3
      '@pixi/display': 7.4.3
      '@pixi/events': 7.4.3

  '@pixi/app@7.4.3':
    resolution: {integrity: sha512-opyWMuO0Ir8pf1DYUR++wAA6ZfNU+nIX2z95R2OD172HbcdhB4/HD7leLIIAny/LciEdMqlWEBhXK7N93YWbdg==}
    peerDependencies:
      '@pixi/core': 7.4.3
      '@pixi/display': 7.4.3

  '@pixi/assets@7.4.3':
    resolution: {integrity: sha512-StvjiJBSp/j9hHkGu8AFHNvwYUazXq64WhyhytztyDMRkg/l/cL7EcttY5T0qZNWlIpccdr60LUKrWDOuMpkiw==}
    peerDependencies:
      '@pixi/core': 7.4.3

  '@pixi/color@7.4.3':
    resolution: {integrity: sha512-a6R+bXKeXMDcRmjYQoBIK+v2EYqxSX49wcjAY579EYM/WrFKS98nSees6lqVUcLKrcQh2DT9srJHX7XMny3voQ==}

  '@pixi/colord@2.9.6':
    resolution: {integrity: sha512-nezytU2pw587fQstUu1AsJZDVEynjskwOL+kibwcdxsMBFqPsFFNA7xl0ii/gXuDi6M0xj3mfRJj8pBSc2jCfA==}

  '@pixi/compressed-textures@7.4.3':
    resolution: {integrity: sha512-uJ3CC+lNX4HIxs6IxEESO50/0A1KxSVm6CO9UlkXzTsNj9ynmdy5BkJ1dzii7LCdqGcHIXHO01yvKuUbJBBQtw==}
    peerDependencies:
      '@pixi/assets': 7.4.3
      '@pixi/core': 7.4.3

  '@pixi/constants@7.4.3':
    resolution: {integrity: sha512-QGmwJUNQy/vVEHzL6VGQvnwawLZ1wceZMI8HwJAT4/I2uAzbBeFDdmCS8WsTpSWLZjF/DszDc1D8BFp4pVJ5UQ==}

  '@pixi/core@7.4.3':
    resolution: {integrity: sha512-5YDs11faWgVVTL8VZtLU05/Fl47vaP5Tnsbf+y/WRR0VSW3KhRRGTBU1J3Gdc2xEWbJhUK07KGP7eSZpvtPVgA==}

  '@pixi/display@7.4.3':
    resolution: {integrity: sha512-b5m2dAaoNAVdxz1oDaxl3XZ059NEOcNtGkxTOZ4EYCw/jcp9sZXkgSROHRzsGn4k+NugH7+9MP4Id2Z0kkdUhw==}
    peerDependencies:
      '@pixi/core': 7.4.3

  '@pixi/events@7.4.3':
    resolution: {integrity: sha512-o3j/5Dxq6WDVS6eHfURB/cf/MP+NcsF/eC5PnbSHjXxJmDE7PoTVwLvxexm5uuvNRpFh/6/Fn0V8Vl4gV8sc8w==}
    peerDependencies:
      '@pixi/core': 7.4.3
      '@pixi/display': 7.4.3

  '@pixi/extensions@7.4.3':
    resolution: {integrity: sha512-FhoiYkHQEDYHUE7wXhqfsTRz6KxLXjuMbSiAwnLb9uG1vAgp6q6qd6HEsf4X30YaZbLFY8a4KY6hFZWjF+4Fdw==}

  '@pixi/extract@7.4.3':
    resolution: {integrity: sha512-HNvGNrEVaeVsbcnIO1MsHpjZbTwo9nIlaOEBzDGcL6JWwzuB1RnzUke7WUCndCUt91sGUdvPnvgCvy9/NNFg3w==}
    peerDependencies:
      '@pixi/core': 7.4.3

  '@pixi/filter-alpha@7.4.3':
    resolution: {integrity: sha512-YFdUB1I53USQb+9TEhS849dV2KZhbnNGIoBbOSThUJfXQc4pDguIFWMagVToAQYgmZ4C4AtYfVjaSEELrMcCdA==}
    peerDependencies:
      '@pixi/core': 7.4.3

  '@pixi/filter-blur@7.4.3':
    resolution: {integrity: sha512-ZFzS9L/whdRbs5A/EUgF3yQaBcxNarmbuwaMgrfnpQ84mRczkGByqDLGToadiufyals07ufTrXBGRle9lbtEDA==}
    peerDependencies:
      '@pixi/core': 7.4.3

  '@pixi/filter-color-matrix@7.4.3':
    resolution: {integrity: sha512-TNu0h20SrzjUWIb5v19dAp1vPpqtG0w2XF9kIHN91bMNaf3R1jzhpWG6TtaVO9eo1IolWcEJLw38jIohyC+KNw==}
    peerDependencies:
      '@pixi/core': 7.4.3

  '@pixi/filter-displacement@7.4.3':
    resolution: {integrity: sha512-ax+cFA2mEnKgqf9F8qInpv09GNWzjwnASLETpwPXzWBtlAlNCeHV2tCv3+SlMdEKUkwG9sA7AmjjjC2JBUyt+Q==}
    peerDependencies:
      '@pixi/core': 7.4.3

  '@pixi/filter-fxaa@7.4.3':
    resolution: {integrity: sha512-y9jhho5cCflhEsPtNqqsd+XJHsb+/ysht4rG/VHQ8Z6pScHYpbgiEpowryGq8uSMQQwx6zKNS2DPiXdiOHPZsg==}
    peerDependencies:
      '@pixi/core': 7.4.3

  '@pixi/filter-noise@7.4.3':
    resolution: {integrity: sha512-rwgSO3BKe1jW/P5CaOcfLKjfpl674aBEo/igi/3QLxA3ORhILNqWRsKkOwP8xF/ejI5NE4rMEkdv0LScbdGFhA==}
    peerDependencies:
      '@pixi/core': 7.4.3

  '@pixi/graphics@7.4.3':
    resolution: {integrity: sha512-wWLivD8/URb8A7X4TqCZGG39C91IE+aOuWY/z9NCz5Z6WvA/VWnsc5fLTlO+ggjGHgKF0cSucCXZfUe1wm0AOQ==}
    peerDependencies:
      '@pixi/core': 7.4.3
      '@pixi/display': 7.4.3
      '@pixi/sprite': 7.4.3

  '@pixi/math@7.4.3':
    resolution: {integrity: sha512-/uJOVhR2DOZ+zgdI6Bs/CwcXT4bNRKsS+TqX3ekRIxPCwaLra+Qdm7aDxT5cTToDzdxbKL5+rwiLu3Y1egILDw==}

  '@pixi/mesh-extras@7.4.3':
    resolution: {integrity: sha512-EqpxpVZoTObyupxMSzuUsCGmWPQioW84n9EO9Ajawkk/HYA+qKFZ5viKiEThIUBYgv4Apn/7c0U3Feg7Ez4uQQ==}
    peerDependencies:
      '@pixi/core': 7.4.3
      '@pixi/mesh': 7.4.3

  '@pixi/mesh@7.4.3':
    resolution: {integrity: sha512-CikqFPtKvU3Zj986/MSoC8X39CWv5CEpiEW/tYp47p4tgQNDSkNWYnDiNYgb+4VX6pNsBrgX4DALLdTR17SlSA==}
    peerDependencies:
      '@pixi/core': 7.4.3
      '@pixi/display': 7.4.3

  '@pixi/mixin-cache-as-bitmap@7.4.3':
    resolution: {integrity: sha512-NgvDdgSgd2tfcTSc+SWF12JJjVVz5ZrkSlhX0idSp/LSako82AiFJlD2xqH9GUsEcA6sqBBlnu7nrGkPTHQdhA==}
    peerDependencies:
      '@pixi/core': 7.4.3
      '@pixi/display': 7.4.3
      '@pixi/sprite': 7.4.3

  '@pixi/mixin-get-child-by-name@7.4.3':
    resolution: {integrity: sha512-HLhDxHwafQT+CxbqQx9w9ivJIyAOg9JJ/6m4fNymVuDWeuMGcxDxBD7DukdUYIieT+RD/RlxdPEmq8YoromlFA==}
    peerDependencies:
      '@pixi/display': 7.4.3

  '@pixi/mixin-get-global-position@7.4.3':
    resolution: {integrity: sha512-k09kvkS379EypCIWgXMY7uiXtWk1BsaJyTYlV16Co0AsmNPdFd+wUozMx1xV6rxcGiWXsxr/1k9fbETuYkcXCQ==}
    peerDependencies:
      '@pixi/core': 7.4.3
      '@pixi/display': 7.4.3

  '@pixi/particle-container@7.4.3':
    resolution: {integrity: sha512-0DfJF5C0XTfuI2FsLYvMKCOtqWjXWGOWfA6m4l0W/Ke/qw5zKIOEhgjPLw4qNRtOhmEfkVKJUGp66Ap/ya2YzA==}
    peerDependencies:
      '@pixi/core': 7.4.3
      '@pixi/display': 7.4.3
      '@pixi/sprite': 7.4.3

  '@pixi/prepare@7.4.3':
    resolution: {integrity: sha512-OjJHGKXPzwP5OLKxBnTBnKMOktHynLvO0TQPqTYgNtmGQzY109mypCqM4M+s/V+uYmBo/T+sXvBahj98q/f1tA==}
    peerDependencies:
      '@pixi/core': 7.4.3
      '@pixi/display': 7.4.3
      '@pixi/graphics': 7.4.3
      '@pixi/text': 7.4.3

  '@pixi/runner@7.4.3':
    resolution: {integrity: sha512-TJyfp7y23u5vvRAyYhVSa7ytq0PdKSvPLXu4G3meoFh1oxTLHH6g/RIzLuxUAThPG2z7ftthuW3qWq6dRV+dhw==}

  '@pixi/settings@7.4.3':
    resolution: {integrity: sha512-SmGK8smc0PxRB9nr0UJioEtE9hl4gvj9OedCvZx3bxBwA3omA5BmP3CyhQfN8XJ29+o2OUL01r3zAPVol4l4lA==}

  '@pixi/sprite-animated@7.4.3':
    resolution: {integrity: sha512-mw5YIec8KfO1Jv9qrDNvGoD7Dlmcgww5YlMtd+ARi7Zzo+6ziNw899LXtoaKX1+3BXdZbYNyJAx3C5r30NtwXA==}
    peerDependencies:
      '@pixi/core': 7.4.3
      '@pixi/sprite': 7.4.3

  '@pixi/sprite-tiling@7.4.3':
    resolution: {integrity: sha512-kUa9cEcMsGXSIZoXA7LhW4oo0eWa30w0KYd7mZ0bqalBMfOcvsGZMN701Lc5lpE8URw+8yu5bnyGLbrxhWBTuw==}
    peerDependencies:
      '@pixi/core': 7.4.3
      '@pixi/display': 7.4.3
      '@pixi/sprite': 7.4.3

  '@pixi/sprite@7.4.3':
    resolution: {integrity: sha512-iNBrpOFF9nXDT6m2jcyYy6l/sRzklLDDck1eFHprHZwvNquY2nzRfh+RGBCecxhBcijiLJ3fsZN33fP0LDXkvw==}
    peerDependencies:
      '@pixi/core': 7.4.3
      '@pixi/display': 7.4.3

  '@pixi/spritesheet@7.4.3':
    resolution: {integrity: sha512-Ce4xZzUxUSKfiROUjjVCBYNLuCcDEWKJ822bSV9rkgVHItu3q04VnEww0DXO+9K0hKv4Ukjjk8aP6Pz0LgPm7A==}
    peerDependencies:
      '@pixi/assets': 7.4.3
      '@pixi/core': 7.4.3

  '@pixi/text-bitmap@7.4.3':
    resolution: {integrity: sha512-TnBocJm7f5nMAYwYcsojc62uCrOYauAGH26o3pNrlqmHDRDQ7FzPOGvkYZGYFREbUycloLSRlYpSy0FB9ZdV4Q==}
    peerDependencies:
      '@pixi/assets': 7.4.3
      '@pixi/core': 7.4.3
      '@pixi/display': 7.4.3
      '@pixi/mesh': 7.4.3
      '@pixi/text': 7.4.3

  '@pixi/text-html@7.4.3':
    resolution: {integrity: sha512-nm9K9gjSZAU8ETwQZBE3kMGNdO1IzyghxoRTcJCWKhekiGDpUQhopfNhqieNZ7reVJpvhpFQWjbyaHDehndUaQ==}
    peerDependencies:
      '@pixi/core': 7.4.3
      '@pixi/display': 7.4.3
      '@pixi/sprite': 7.4.3
      '@pixi/text': 7.4.3

  '@pixi/text@7.4.3':
    resolution: {integrity: sha512-IAF0iu04rPg3oiL0HZsEZI44fpJxq3UZ4xTmx8l1RyhhSXiElLvvSlSH57vt/BKMQZtCs+AqEit7yn8heK2+nQ==}
    peerDependencies:
      '@pixi/core': 7.4.3
      '@pixi/sprite': 7.4.3

  '@pixi/ticker@7.4.3':
    resolution: {integrity: sha512-tHsAD0iOUb6QSGGw+c8cyRBvxsq/NlfzIFBZLEHhWZ+Bx4a0MmXup6I/yJDGmyPCYE+ctCcAfY13wKAzdiVFgQ==}

  '@pixi/utils@7.4.3':
    resolution: {integrity: sha512-NO3Y9HAn2UKS1YdxffqsPp+kDpVm8XWvkZcS/E+rBzY9VTLnNOI7cawSRm+dacdET3a8Jad3aDKEDZ0HmAqAFA==}

  '@rollup/rollup-linux-x64-gnu@4.50.1':
    resolution: {integrity: sha512-MCgtFB2+SVNuQmmjHf+wfI4CMxy3Tk8XjA5Z//A0AKD7QXUYFMQcns91K6dEHBvZPCnhJSyDWLApk40Iq/H3tA==}
    cpu: [x64]
    os: [linux]
    libc: [glibc]

  '@swc/counter@0.1.3':
    resolution: {integrity: sha512-e2BR4lsJkkRlKZ/qCHPw9ZaSxc0MVUd7gtbtaB7aMvHeJVYe8sOB8DBZkP2DtISHGSku9sCK6T6cnY0CtXrOCQ==}

  '@swc/helpers@0.5.5':
    resolution: {integrity: sha512-KGYxvIOXcceOAbEk4bi/dVLEK9z8sZ0uBB3Il5b1rhfClSpcX0yfRO0KmTkqR2cnQDymwLB+25ZyMzICg/cm/A==}

  '@types/css-font-loading-module@0.0.12':
    resolution: {integrity: sha512-x2tZZYkSxXqWvTDgveSynfjq/T2HyiZHXb00j/+gy19yp70PHCizM48XFdjBCWH7eHBD0R5i/pw9yMBP/BH5uA==}

  '@types/earcut@2.1.4':
    resolution: {integrity: sha512-qp3m9PPz4gULB9MhjGID7wpo3gJ4bTGXm7ltNDsmOvsPduTeHp8wSW9YckBj3mljeOh4F0m2z/0JKAALRKbmLQ==}

  '@types/node@20.19.14':
    resolution: {integrity: sha512-gqiKWld3YIkmtrrg9zDvg9jfksZCcPywXVN7IauUGhilwGV/yOyeUsvpR796m/Jye0zUzMXPKe8Ct1B79A7N5Q==}

  '@types/prop-types@15.7.15':
    resolution: {integrity: sha512-F6bEyamV9jKGAFBEmlQnesRPGOQqS2+Uwi0Em15xenOxHaf2hv6L8YCVn3rPdPJOiJfPiCnLIRyvwVaqMY3MIw==}

  '@types/react-dom@18.3.7':
    resolution: {integrity: sha512-MEe3UeoENYVFXzoXEWsvcpg6ZvlrFNlOQ7EOsvhI3CfAXwzPfO8Qwuxd40nepsYKqyyVQnTdEfv68q91yLcKrQ==}
    peerDependencies:
      '@types/react': ^18.0.0

  '@types/react@18.3.24':
    resolution: {integrity: sha512-0dLEBsA1kI3OezMBF8nSsb7Nk19ZnsyE1LLhB8r27KbgU5H4pvuqZLdtE+aUkJVoXgTVuA+iLIwmZ0TuK4tx6A==}

  acorn@8.15.0:
    resolution: {integrity: sha512-NZyJarBfL7nWwIq+FDL6Zp/yHEhePMNnnJ0y3qfieCrmNvYct8uvtiV41UvlSe6apAfk0fY1FbWx+NwfmpvtTg==}
    engines: {node: '>=0.4.0'}
    hasBin: true

  buffer-from@1.1.2:
    resolution: {integrity: sha512-E+XQCRwSbaaiChtv6k6Dwgc+bx+Bs6vuKJHHl5kox/BaKbhiXzqQOwK4cO22yElGp2OCmjwVhT3HmxgyPGnJfQ==}

  busboy@1.6.0:
    resolution: {integrity: sha512-8SFQbg/0hQ9xy3UNTB0YEnsNBbWfhf7RtnzpL7TkBiTBRfrQ9Fxcnz7VJsleJpyp6rVLvXiuORqjlHi5q+PYuA==}
    engines: {node: '>=10.16.0'}

  call-bind-apply-helpers@1.0.2:
    resolution: {integrity: sha512-Sp1ablJ0ivDkSzjcaJdxEunN5/XvksFJ2sMBFfq6x0ryhQV/2b/KwFe21cMpmHtPOSij8K99/wSfoEuTObmuMQ==}
    engines: {node: '>= 0.4'}

  call-bound@1.0.4:
    resolution: {integrity: sha512-+ys997U96po4Kx/ABpBCqhA9EuxJaQWDQg7295H4hBphv3IZg0boBKuwYpt4YXp6MZ5AmZQnU/tyMTlRpaSejg==}
    engines: {node: '>= 0.4'}

  caniuse-lite@1.0.30001741:
    resolution: {integrity: sha512-QGUGitqsc8ARjLdgAfxETDhRbJ0REsP6O3I96TAth/mVjh2cYzN2u+3AzPP3aVSm2FehEItaJw1xd+IGBXWeSw==}

  client-only@0.0.1:
    resolution: {integrity: sha512-IV3Ou0jSMzZrd3pZ48nLkT9DA7Ag1pnPzaiQhpW7c3RbcqqzvzzVu+L8gfqMp/8IM2MQtSiqaCxrrcfu8I8rMA==}

  commander@2.20.3:
    resolution: {integrity: sha512-GpVkmM8vF2vQUkj2LvZmD35JxeJOLCwJ9cUkugyk2nuhbv3+mJvpLYYt+0+USMxE+oj+ey/lJEnhZw75x/OMcQ==}

  csstype@3.1.3:
    resolution: {integrity: sha512-M1uQkMl8rQK/szD0LNhtqxIPLpimGm8sOBwU7lLnCpSbTyY3yeU1Vc7l4KT5zT4s/yOxHH5O7tIuuLOCnLADRw==}

  dunder-proto@1.0.1:
    resolution: {integrity: sha512-KIN/nDJBQRcXw0MLVhZE9iQHmG68qAVIBg9CqmUYjmQIhgij9U5MFvrqkUL5FbtyyzZuOeOt0zdeRe4UY7ct+A==}
    engines: {node: '>= 0.4'}

  earcut@2.2.4:
    resolution: {integrity: sha512-/pjZsA1b4RPHbeWZQn66SWS8nZZWLQQ23oE3Eam7aroEFGEvwKAsJfZ9ytiEMycfzXWpca4FA9QIOehf7PocBQ==}

  es-define-property@1.0.1:
    resolution: {integrity: sha512-e3nRfgfUZ4rNGL232gUgX06QNyyez04KdjFrF+LTRoOXmrOgFKDg4BCdsjW8EnT69eqdYGmRpJwiPVYNrCaW3g==}
    engines: {node: '>= 0.4'}

  es-errors@1.3.0:
    resolution: {integrity: sha512-Zf5H2Kxt2xjTvbJvP2ZWLEICxA6j+hAmMzIlypy4xcBg1vKVnx89Wy0GbS+kf5cwCVFFzdCFh2XSCFNULS6csw==}
    engines: {node: '>= 0.4'}

  es-object-atoms@1.1.1:
    resolution: {integrity: sha512-FGgH2h8zKNim9ljj7dankFPcICIK9Cp5bm+c2gQSYePhpaG5+esrLODihIorn+Pe6FGJzWhXQotPv73jTaldXA==}
    engines: {node: '>= 0.4'}

  eventemitter3@4.0.7:
    resolution: {integrity: sha512-8guHBZCwKnFhYdHr2ysuRWErTwhoN2X8XELRlrRwpmfeY2jjuUN4taQMsULKUVo1K4DvZl+0pgfyoysHxvmvEw==}

  function-bind@1.1.2:
    resolution: {integrity: sha512-7XHNxH7qX9xG5mIwxkhumTox/MIRNcOgDrxWsMt2pAr23WHp6MrRlN7FBSFpCpr+oVO0F744iUgR82nJMfG2SA==}

  get-intrinsic@1.3.0:
    resolution: {integrity: sha512-9fSjSaos/fRIVIp+xSJlE6lfwhES7LNtKaCBIamHsjr2na1BiABJPo0mOjjz8GJDURarmCPGqaiVg5mfjb98CQ==}
    engines: {node: '>= 0.4'}

  get-proto@1.0.1:
    resolution: {integrity: sha512-sTSfBjoXBp89JvIKIefqw7U2CCebsc74kiY6awiGogKtoSGbgjYE/G/+l9sF3MWFPNc9IcoOC4ODfKHfxFmp0g==}
    engines: {node: '>= 0.4'}

  gopd@1.2.0:
    resolution: {integrity: sha512-ZUKRh6/kUFoAiTAtTYPZJ3hw9wNxx+BIBOijnlG9PnrJsCcSjs1wyyD6vJpaYtgnzDrKYRSqf3OO6Rfa93xsRg==}
    engines: {node: '>= 0.4'}

  graceful-fs@4.2.11:
    resolution: {integrity: sha512-RbJ5/jmFcNNCcDV5o9eTnBLJ/HszWV0P73bc+Ff4nS/rJj+YaS6IGyiOL0VoBYX+l1Wrl3k63h/KrH+nhJ0XvQ==}

  has-symbols@1.1.0:
    resolution: {integrity: sha512-1cDNdwJ2Jaohmb3sg4OmKaMBwuC48sYni5HUw2DvsC8LjGTLK9h+eb1X6RyuOHe4hT0ULCW68iomhjUoKUqlPQ==}
    engines: {node: '>= 0.4'}

  hasown@2.0.2:
    resolution: {integrity: sha512-0hJU9SCPvmMzIBdZFqNPXWa6dqh7WdH0cII9y+CyS8rG3nL48Bclra9HmKhVVUHyPWNH5Y7xDwAB7bfgSjkUMQ==}
    engines: {node: '>= 0.4'}

  ismobilejs@1.1.1:
    resolution: {integrity: sha512-VaFW53yt8QO61k2WJui0dHf4SlL8lxBofUuUmwBo0ljPk0Drz2TiuDW4jo3wDcv41qy/SxrJ+VAzJ/qYqsmzRw==}

  js-tokens@4.0.0:
    resolution: {integrity: sha512-RdJUflcE3cUzKiMqQgsCu06FPu9UdIJO0beYbPhHN4k6apgJtifcoCtT9bcxOpYBtpD2kCM6Sbzg4CausW/PKQ==}

  loose-envify@1.4.0:
    resolution: {integrity: sha512-lyuxPGr/Wfhrlem2CL/UcnUc1zcqKAImBDzukY7Y5F/yQiNdko6+fRLevlw1HgMySw7f611UIY408EtxRSoK3Q==}
    hasBin: true

  math-intrinsics@1.1.0:
    resolution: {integrity: sha512-/IXtbwEk5HTPyEwyKX6hGkYXxM9nbj64B+ilVJnC/R6B0pH5G4V3b0pVbL7DBj4tkhBAppbQUlf6F6Xl9LHu1g==}
    engines: {node: '>= 0.4'}

  nanoid@3.3.11:
    resolution: {integrity: sha512-N8SpfPUnUp1bK+PMYW8qSWdl9U+wwNWI4QKxOYDy9JAro3WMX7p2OeVRF9v+347pnakNevPmiHhNmZ2HbFA76w==}
    engines: {node: ^10 || ^12 || ^13.7 || ^14 || >=15.0.1}
    hasBin: true

  next@14.2.32:
    resolution: {integrity: sha512-fg5g0GZ7/nFc09X8wLe6pNSU8cLWbLRG3TZzPJ1BJvi2s9m7eF991se67wliM9kR5yLHRkyGKU49MMx58s3LJg==}
    engines: {node: '>=18.17.0'}
    hasBin: true
    peerDependencies:
      '@opentelemetry/api': ^1.1.0
      '@playwright/test': ^1.41.2
      react: ^18.2.0
      react-dom: ^18.2.0
      sass: ^1.3.0
    peerDependenciesMeta:
      '@opentelemetry/api':
        optional: true
      '@playwright/test':
        optional: true
      sass:
        optional: true

  object-inspect@1.13.4:
    resolution: {integrity: sha512-W67iLl4J2EXEGTbfeHCffrjDfitvLANg0UlX3wFUUSTx92KXRFegMHUVgSqE+wvhAbi4WqjGg9czysTV2Epbew==}
    engines: {node: '>= 0.4'}

  picocolors@1.1.1:
    resolution: {integrity: sha512-xceH2snhtb5M9liqDsmEw56le376mTZkEX/jEb/RxNFyegNul7eNslCXP9FDj/Lcu0X8KEyMceP2ntpaHrDEVA==}

  pixi-live2d-display-lipsyncpatch@0.5.0-ls-8:
    resolution: {integrity: sha512-m0PNx6kbnuB8JgdrFMsW/Z1Yt/qVwUxIzG8RjDdNyralkpSFsJX0usqSo5B/nnbL2YUNRqeUkFbq1/e6ktLzeA==}
    peerDependencies:
      pixi.js: ^7.0.0

  pixi.js@7.4.3:
    resolution: {integrity: sha512-uIWdH0EI2dVgNoqN9aFaHCmR0V65OEhMkXs2sek3c/QP2ItV6UoM+ouX9esSv3ibo20F+J5D1XwnQhUZI6wqeQ==}

  postcss@8.4.31:
    resolution: {integrity: sha512-PS08Iboia9mts/2ygV3eLpY5ghnUcfLV/EXTOW1E2qYxJKGGBUtNjN76FYHnMs36RmARn41bC0AZmn+rR0OVpQ==}
    engines: {node: ^10 || ^12 || >=14}

  punycode@1.4.1:
    resolution: {integrity: sha512-jmYNElW7yvO7TV33CjSmvSiE2yco3bV2czu/OzDKdMNVZQWfxCblURLhf+47syQRBntjfLdd/H0egrzIG+oaFQ==}

  qs@6.14.0:
    resolution: {integrity: sha512-YWWTjgABSKcvs/nWBi9PycY/JiPJqOD4JA6o9Sej2AtvSGarXxKC3OQSk4pAarbdQlKAh5D4FCQkJNkW+GAn3w==}
    engines: {node: '>=0.6'}

  react-dom@18.3.1:
    resolution: {integrity: sha512-5m4nQKp+rZRb09LNH59GM4BxTh9251/ylbKIbpe7TpGxfJ+9kv6BLkLBXIjjspbgbnIBNqlI23tRnTWT0snUIw==}
    peerDependencies:
      react: ^18.3.1

  react@18.3.1:
    resolution: {integrity: sha512-wS+hAgJShR0KhEvPJArfuPVN1+Hz1t0Y6n5jLrGQbkb4urgPE/0Rve+1kMB1v/oWgHgm4WIcV+i7F2pTVj+2iQ==}
    engines: {node: '>=0.10.0'}

  scheduler@0.23.2:
    resolution: {integrity: sha512-UOShsPwz7NrMUqhR6t0hWjFduvOzbtv7toDH1/hIrfRNIDBnnBWd0CwJTGvTpngVlmwGCdP9/Zl/tVrDqcuYzQ==}

  side-channel-list@1.0.0:
    resolution: {integrity: sha512-FCLHtRD/gnpCiCHEiJLOwdmFP+wzCmDEkc9y7NsYxeF4u7Btsn1ZuwgwJGxImImHicJArLP4R0yX4c2KCrMrTA==}
    engines: {node: '>= 0.4'}

  side-channel-map@1.0.1:
    resolution: {integrity: sha512-VCjCNfgMsby3tTdo02nbjtM/ewra6jPHmpThenkTYh8pG9ucZ/1P8So4u4FGBek/BjpOVsDCMoLA/iuBKIFXRA==}
    engines: {node: '>= 0.4'}

  side-channel-weakmap@1.0.2:
    resolution: {integrity: sha512-WPS/HvHQTYnHisLo9McqBHOJk2FkHO/tlpvldyrnem4aeQp4hai3gythswg6p01oSoTl58rcpiFAjF2br2Ak2A==}
    engines: {node: '>= 0.4'}

  side-channel@1.1.0:
    resolution: {integrity: sha512-ZX99e6tRweoUXqR+VBrslhda51Nh5MTQwou5tnUDgbtyM0dBgmhEDtWGP/xbKn6hqfPRHujUNwz5fy/wbbhnpw==}
    engines: {node: '>= 0.4'}

  source-map-js@1.2.1:
    resolution: {integrity: sha512-UXWMKhLOwVKb728IUtQPXxfYU+usdybtUrK/8uGE8CQMvrhOpwvzDBwj0QhSL7MQc7vIsISBG8VQ8+IDQxpfQA==}
    engines: {node: '>=0.10.0'}

  source-map-support@0.5.21:
    resolution: {integrity: sha512-uBHU3L3czsIyYXKX88fdrGovxdSCoTGDRZ6SYXtSRxLZUzHg5P/66Ht6uoUlHu9EZod+inXhKo3qQgwXUT/y1w==}

  source-map@0.6.1:
    resolution: {integrity: sha512-UjgapumWlbMhkBgzT7Ykc5YXUT46F0iKu8SGXq0bcwP5dz/h0Plj6enJqjz1Zbq2l5WaqYnrVbwWOWMyF3F47g==}
    engines: {node: '>=0.10.0'}

  streamsearch@1.1.0:
    resolution: {integrity: sha512-Mcc5wHehp9aXz1ax6bZUyY5afg9u2rv5cqQI3mRrYkGC8rW2hM02jWuwjtL++LS5qinSyhj2QfLyNsuc+VsExg==}
    engines: {node: '>=10.0.0'}

  styled-jsx@5.1.1:
    resolution: {integrity: sha512-pW7uC1l4mBZ8ugbiZrcIsiIvVx1UmTfw7UkC3Um2tmfUq9Bhk8IiyEIPl6F8agHgjzku6j0xQEZbfA5uSgSaCw==}
    engines: {node: '>= 12.0.0'}
    peerDependencies:
      '@babel/core': '*'
      babel-plugin-macros: '*'
      react: '>= 16.8.0 || 17.x.x || ^18.0.0-0'
    peerDependenciesMeta:
      '@babel/core':
        optional: true
      babel-plugin-macros:
        optional: true

  terser@5.44.0:
    resolution: {integrity: sha512-nIVck8DK+GM/0Frwd+nIhZ84pR/BX7rmXMfYwyg+Sri5oGVE99/E3KvXqpC2xHFxyqXyGHTKBSioxxplrO4I4w==}
    engines: {node: '>=10'}
    hasBin: true

  tslib@2.8.1:
    resolution: {integrity: sha512-oJFu94HQb+KVduSUQL7wnpmqnfmLsOA/nAh6b6EH0wCEoK0/mPeXU6c3wKDV83MkOuHPRHtSXKKU99IBazS/2w==}

  typescript@5.9.2:
    resolution: {integrity: sha512-CWBzXQrc/qOkhidw1OzBTQuYRbfyxDXJMVJ1XNwUHGROVmuaeiEm3OslpZ1RV96d7SKKjZKrSJu3+t/xlw3R9A==}
    engines: {node: '>=14.17'}
    hasBin: true

  undici-types@6.21.0:
    resolution: {integrity: sha512-iwDZqg0QAGrg9Rav5H4n0M64c3mkR59cJ6wQp+7C4nI0gsmExaedaYLNO44eT4AtBBwjbTiGPMlt2Md0T9H9JQ==}

  url@0.11.4:
    resolution: {integrity: sha512-oCwdVC7mTuWiPyjLUz/COz5TLk6wgp0RCsN+wHZ2Ekneac9w8uuV0njcbbie2ME+Vs+d6duwmYuR3HgQXs1fOg==}
    engines: {node: '>= 0.4'}

snapshots:

  '@jridgewell/gen-mapping@0.3.13':
    dependencies:
      '@jridgewell/sourcemap-codec': 1.5.5
      '@jridgewell/trace-mapping': 0.3.31
    optional: true

  '@jridgewell/resolve-uri@3.1.2':
    optional: true

  '@jridgewell/source-map@0.3.11':
    dependencies:
      '@jridgewell/gen-mapping': 0.3.13
      '@jridgewell/trace-mapping': 0.3.31
    optional: true

  '@jridgewell/sourcemap-codec@1.5.5':
    optional: true

  '@jridgewell/trace-mapping@0.3.31':
    dependencies:
      '@jridgewell/resolve-uri': 3.1.2
      '@jridgewell/sourcemap-codec': 1.5.5
    optional: true

  '@next/env@14.2.32': {}

  '@next/swc-darwin-arm64@14.2.32':
    optional: true

  '@next/swc-darwin-x64@14.2.32':
    optional: true

  '@next/swc-linux-arm64-gnu@14.2.32':
    optional: true

  '@next/swc-linux-arm64-musl@14.2.32':
    optional: true

  '@next/swc-linux-x64-gnu@14.2.32':
    optional: true

  '@next/swc-linux-x64-musl@14.2.32':
    optional: true

  '@next/swc-win32-arm64-msvc@14.2.32':
    optional: true

  '@next/swc-win32-ia32-msvc@14.2.32':
    optional: true

  '@next/swc-win32-x64-msvc@14.2.32':
    optional: true

  '@pixi/accessibility@7.4.3(@pixi/core@7.4.3)(@pixi/display@7.4.3(@pixi/core@7.4.3))(@pixi/events@7.4.3(@pixi/core@7.4.3)(@pixi/display@7.4.3(@pixi/core@7.4.3)))':
    dependencies:
      '@pixi/core': 7.4.3
      '@pixi/display': 7.4.3(@pixi/core@7.4.3)
      '@pixi/events': 7.4.3(@pixi/core@7.4.3)(@pixi/display@7.4.3(@pixi/core@7.4.3))

  '@pixi/app@7.4.3(@pixi/core@7.4.3)(@pixi/display@7.4.3(@pixi/core@7.4.3))':
    dependencies:
      '@pixi/core': 7.4.3
      '@pixi/display': 7.4.3(@pixi/core@7.4.3)

  '@pixi/assets@7.4.3(@pixi/core@7.4.3)':
    dependencies:
      '@pixi/core': 7.4.3
      '@types/css-font-loading-module': 0.0.12

  '@pixi/color@7.4.3':
    dependencies:
      '@pixi/colord': 2.9.6

  '@pixi/colord@2.9.6': {}

  '@pixi/compressed-textures@7.4.3(@pixi/assets@7.4.3(@pixi/core@7.4.3))(@pixi/core@7.4.3)':
    dependencies:
      '@pixi/assets': 7.4.3(@pixi/core@7.4.3)
      '@pixi/core': 7.4.3

  '@pixi/constants@7.4.3': {}

  '@pixi/core@7.4.3':
    dependencies:
      '@pixi/color': 7.4.3
      '@pixi/constants': 7.4.3
      '@pixi/extensions': 7.4.3
      '@pixi/math': 7.4.3
      '@pixi/runner': 7.4.3
      '@pixi/settings': 7.4.3
      '@pixi/ticker': 7.4.3
      '@pixi/utils': 7.4.3

  '@pixi/display@7.4.3(@pixi/core@7.4.3)':
    dependencies:
      '@pixi/core': 7.4.3

  '@pixi/events@7.4.3(@pixi/core@7.4.3)(@pixi/display@7.4.3(@pixi/core@7.4.3))':
    dependencies:
      '@pixi/core': 7.4.3
      '@pixi/display': 7.4.3(@pixi/core@7.4.3)

  '@pixi/extensions@7.4.3': {}

  '@pixi/extract@7.4.3(@pixi/core@7.4.3)':
    dependencies:
      '@pixi/core': 7.4.3

  '@pixi/filter-alpha@7.4.3(@pixi/core@7.4.3)':
    dependencies:
      '@pixi/core': 7.4.3

  '@pixi/filter-blur@7.4.3(@pixi/core@7.4.3)':
    dependencies:
      '@pixi/core': 7.4.3

  '@pixi/filter-color-matrix@7.4.3(@pixi/core@7.4.3)':
    dependencies:
      '@pixi/core': 7.4.3

  '@pixi/filter-displacement@7.4.3(@pixi/core@7.4.3)':
    dependencies:
      '@pixi/core': 7.4.3

  '@pixi/filter-fxaa@7.4.3(@pixi/core@7.4.3)':
    dependencies:
      '@pixi/core': 7.4.3

  '@pixi/filter-noise@7.4.3(@pixi/core@7.4.3)':
    dependencies:
      '@pixi/core': 7.4.3

  '@pixi/graphics@7.4.3(@pixi/core@7.4.3)(@pixi/display@7.4.3(@pixi/core@7.4.3))(@pixi/sprite@7.4.3(@pixi/core@7.4.3)(@pixi/display@7.4.3(@pixi/core@7.4.3)))':
    dependencies:
      '@pixi/core': 7.4.3
      '@pixi/display': 7.4.3(@pixi/core@7.4.3)
      '@pixi/sprite': 7.4.3(@pixi/core@7.4.3)(@pixi/display@7.4.3(@pixi/core@7.4.3))

  '@pixi/math@7.4.3': {}

  '@pixi/mesh-extras@7.4.3(@pixi/core@7.4.3)(@pixi/mesh@7.4.3(@pixi/core@7.4.3)(@pixi/display@7.4.3(@pixi/core@7.4.3)))':
    dependencies:
      '@pixi/core': 7.4.3
      '@pixi/mesh': 7.4.3(@pixi/core@7.4.3)(@pixi/display@7.4.3(@pixi/core@7.4.3))

  '@pixi/mesh@7.4.3(@pixi/core@7.4.3)(@pixi/display@7.4.3(@pixi/core@7.4.3))':
    dependencies:
      '@pixi/core': 7.4.3
      '@pixi/display': 7.4.3(@pixi/core@7.4.3)

  '@pixi/mixin-cache-as-bitmap@7.4.3(@pixi/core@7.4.3)(@pixi/display@7.4.3(@pixi/core@7.4.3))(@pixi/sprite@7.4.3(@pixi/core@7.4.3)(@pixi/display@7.4.3(@pixi/core@7.4.3)))':
    dependencies:
      '@pixi/core': 7.4.3
      '@pixi/display': 7.4.3(@pixi/core@7.4.3)
      '@pixi/sprite': 7.4.3(@pixi/core@7.4.3)(@pixi/display@7.4.3(@pixi/core@7.4.3))

  '@pixi/mixin-get-child-by-name@7.4.3(@pixi/display@7.4.3(@pixi/core@7.4.3))':
    dependencies:
      '@pixi/display': 7.4.3(@pixi/core@7.4.3)

  '@pixi/mixin-get-global-position@7.4.3(@pixi/core@7.4.3)(@pixi/display@7.4.3(@pixi/core@7.4.3))':
    dependencies:
      '@pixi/core': 7.4.3
      '@pixi/display': 7.4.3(@pixi/core@7.4.3)

  '@pixi/particle-container@7.4.3(@pixi/core@7.4.3)(@pixi/display@7.4.3(@pixi/core@7.4.3))(@pixi/sprite@7.4.3(@pixi/core@7.4.3)(@pixi/display@7.4.3(@pixi/core@7.4.3)))':
    dependencies:
      '@pixi/core': 7.4.3
      '@pixi/display': 7.4.3(@pixi/core@7.4.3)
      '@pixi/sprite': 7.4.3(@pixi/core@7.4.3)(@pixi/display@7.4.3(@pixi/core@7.4.3))

  '@pixi/prepare@7.4.3(@pixi/core@7.4.3)(@pixi/display@7.4.3(@pixi/core@7.4.3))(@pixi/graphics@7.4.3(@pixi/core@7.4.3)(@pixi/display@7.4.3(@pixi/core@7.4.3))(@pixi/sprite@7.4.3(@pixi/core@7.4.3)(@pixi/display@7.4.3(@pixi/core@7.4.3))))(@pixi/text@7.4.3(@pixi/core@7.4.3)(@pixi/sprite@7.4.3(@pixi/core@7.4.3)(@pixi/display@7.4.3(@pixi/core@7.4.3))))':
    dependencies:
      '@pixi/core': 7.4.3
      '@pixi/display': 7.4.3(@pixi/core@7.4.3)
      '@pixi/graphics': 7.4.3(@pixi/core@7.4.3)(@pixi/display@7.4.3(@pixi/core@7.4.3))(@pixi/sprite@7.4.3(@pixi/core@7.4.3)(@pixi/display@7.4.3(@pixi/core@7.4.3)))
      '@pixi/text': 7.4.3(@pixi/core@7.4.3)(@pixi/sprite@7.4.3(@pixi/core@7.4.3)(@pixi/display@7.4.3(@pixi/core@7.4.3)))

  '@pixi/runner@7.4.3': {}

  '@pixi/settings@7.4.3':
    dependencies:
      '@pixi/constants': 7.4.3
      '@types/css-font-loading-module': 0.0.12
      ismobilejs: 1.1.1

  '@pixi/sprite-animated@7.4.3(@pixi/core@7.4.3)(@pixi/sprite@7.4.3(@pixi/core@7.4.3)(@pixi/display@7.4.3(@pixi/core@7.4.3)))':
    dependencies:
      '@pixi/core': 7.4.3
      '@pixi/sprite': 7.4.3(@pixi/core@7.4.3)(@pixi/display@7.4.3(@pixi/core@7.4.3))

  '@pixi/sprite-tiling@7.4.3(@pixi/core@7.4.3)(@pixi/display@7.4.3(@pixi/core@7.4.3))(@pixi/sprite@7.4.3(@pixi/core@7.4.3)(@pixi/display@7.4.3(@pixi/core@7.4.3)))':
    dependencies:
      '@pixi/core': 7.4.3
      '@pixi/display': 7.4.3(@pixi/core@7.4.3)
      '@pixi/sprite': 7.4.3(@pixi/core@7.4.3)(@pixi/display@7.4.3(@pixi/core@7.4.3))

  '@pixi/sprite@7.4.3(@pixi/core@7.4.3)(@pixi/display@7.4.3(@pixi/core@7.4.3))':
    dependencies:
      '@pixi/core': 7.4.3
      '@pixi/display': 7.4.3(@pixi/core@7.4.3)

  '@pixi/spritesheet@7.4.3(@pixi/assets@7.4.3(@pixi/core@7.4.3))(@pixi/core@7.4.3)':
    dependencies:
      '@pixi/assets': 7.4.3(@pixi/core@7.4.3)
      '@pixi/core': 7.4.3

  '@pixi/text-bitmap@7.4.3(@pixi/assets@7.4.3(@pixi/core@7.4.3))(@pixi/core@7.4.3)(@pixi/display@7.4.3(@pixi/core@7.4.3))(@pixi/mesh@7.4.3(@pixi/core@7.4.3)(@pixi/display@7.4.3(@pixi/core@7.4.3)))(@pixi/text@7.4.3(@pixi/core@7.4.3)(@pixi/sprite@7.4.3(@pixi/core@7.4.3)(@pixi/display@7.4.3(@pixi/core@7.4.3))))':
    dependencies:
      '@pixi/assets': 7.4.3(@pixi/core@7.4.3)
      '@pixi/core': 7.4.3
      '@pixi/display': 7.4.3(@pixi/core@7.4.3)
      '@pixi/mesh': 7.4.3(@pixi/core@7.4.3)(@pixi/display@7.4.3(@pixi/core@7.4.3))
      '@pixi/text': 7.4.3(@pixi/core@7.4.3)(@pixi/sprite@7.4.3(@pixi/core@7.4.3)(@pixi/display@7.4.3(@pixi/core@7.4.3)))

  '@pixi/text-html@7.4.3(@pixi/core@7.4.3)(@pixi/display@7.4.3(@pixi/core@7.4.3))(@pixi/sprite@7.4.3(@pixi/core@7.4.3)(@pixi/display@7.4.3(@pixi/core@7.4.3)))(@pixi/text@7.4.3(@pixi/core@7.4.3)(@pixi/sprite@7.4.3(@pixi/core@7.4.3)(@pixi/display@7.4.3(@pixi/core@7.4.3))))':
    dependencies:
      '@pixi/core': 7.4.3
      '@pixi/display': 7.4.3(@pixi/core@7.4.3)
      '@pixi/sprite': 7.4.3(@pixi/core@7.4.3)(@pixi/display@7.4.3(@pixi/core@7.4.3))
      '@pixi/text': 7.4.3(@pixi/core@7.4.3)(@pixi/sprite@7.4.3(@pixi/core@7.4.3)(@pixi/display@7.4.3(@pixi/core@7.4.3)))

  '@pixi/text@7.4.3(@pixi/core@7.4.3)(@pixi/sprite@7.4.3(@pixi/core@7.4.3)(@pixi/display@7.4.3(@pixi/core@7.4.3)))':
    dependencies:
      '@pixi/core': 7.4.3
      '@pixi/sprite': 7.4.3(@pixi/core@7.4.3)(@pixi/display@7.4.3(@pixi/core@7.4.3))

  '@pixi/ticker@7.4.3':
    dependencies:
      '@pixi/extensions': 7.4.3
      '@pixi/settings': 7.4.3
      '@pixi/utils': 7.4.3

  '@pixi/utils@7.4.3':
    dependencies:
      '@pixi/color': 7.4.3
      '@pixi/constants': 7.4.3
      '@pixi/settings': 7.4.3
      '@types/earcut': 2.1.4
      earcut: 2.2.4
      eventemitter3: 4.0.7
      url: 0.11.4

  '@rollup/rollup-linux-x64-gnu@4.50.1':
    optional: true

  '@swc/counter@0.1.3': {}

  '@swc/helpers@0.5.5':
    dependencies:
      '@swc/counter': 0.1.3
      tslib: 2.8.1

  '@types/css-font-loading-module@0.0.12': {}

  '@types/earcut@2.1.4': {}

  '@types/node@20.19.14':
    dependencies:
      undici-types: 6.21.0

  '@types/prop-types@15.7.15': {}

  '@types/react-dom@18.3.7(@types/react@18.3.24)':
    dependencies:
      '@types/react': 18.3.24

  '@types/react@18.3.24':
    dependencies:
      '@types/prop-types': 15.7.15
      csstype: 3.1.3

  acorn@8.15.0:
    optional: true

  buffer-from@1.1.2:
    optional: true

  busboy@1.6.0:
    dependencies:
      streamsearch: 1.1.0

  call-bind-apply-helpers@1.0.2:
    dependencies:
      es-errors: 1.3.0
      function-bind: 1.1.2

  call-bound@1.0.4:
    dependencies:
      call-bind-apply-helpers: 1.0.2
      get-intrinsic: 1.3.0

  caniuse-lite@1.0.30001741: {}

  client-only@0.0.1: {}

  commander@2.20.3:
    optional: true

  csstype@3.1.3: {}

  dunder-proto@1.0.1:
    dependencies:
      call-bind-apply-helpers: 1.0.2
      es-errors: 1.3.0
      gopd: 1.2.0

  earcut@2.2.4: {}

  es-define-property@1.0.1: {}

  es-errors@1.3.0: {}

  es-object-atoms@1.1.1:
    dependencies:
      es-errors: 1.3.0

  eventemitter3@4.0.7: {}

  function-bind@1.1.2: {}

  get-intrinsic@1.3.0:
    dependencies:
      call-bind-apply-helpers: 1.0.2
      es-define-property: 1.0.1
      es-errors: 1.3.0
      es-object-atoms: 1.1.1
      function-bind: 1.1.2
      get-proto: 1.0.1
      gopd: 1.2.0
      has-symbols: 1.1.0
      hasown: 2.0.2
      math-intrinsics: 1.1.0

  get-proto@1.0.1:
    dependencies:
      dunder-proto: 1.0.1
      es-object-atoms: 1.1.1

  gopd@1.2.0: {}

  graceful-fs@4.2.11: {}

  has-symbols@1.1.0: {}

  hasown@2.0.2:
    dependencies:
      function-bind: 1.1.2

  ismobilejs@1.1.1: {}

  js-tokens@4.0.0: {}

  loose-envify@1.4.0:
    dependencies:
      js-tokens: 4.0.0

  math-intrinsics@1.1.0: {}

  nanoid@3.3.11: {}

  next@14.2.32(react-dom@18.3.1(react@18.3.1))(react@18.3.1):
    dependencies:
      '@next/env': 14.2.32
      '@swc/helpers': 0.5.5
      busboy: 1.6.0
      caniuse-lite: 1.0.30001741
      graceful-fs: 4.2.11
      postcss: 8.4.31
      react: 18.3.1
      react-dom: 18.3.1(react@18.3.1)
      styled-jsx: 5.1.1(react@18.3.1)
    optionalDependencies:
      '@next/swc-darwin-arm64': 14.2.32
      '@next/swc-darwin-x64': 14.2.32
      '@next/swc-linux-arm64-gnu': 14.2.32
      '@next/swc-linux-arm64-musl': 14.2.32
      '@next/swc-linux-x64-gnu': 14.2.32
      '@next/swc-linux-x64-musl': 14.2.32
      '@next/swc-win32-arm64-msvc': 14.2.32
      '@next/swc-win32-ia32-msvc': 14.2.32
      '@next/swc-win32-x64-msvc': 14.2.32
    transitivePeerDependencies:
      - '@babel/core'
      - babel-plugin-macros

  object-inspect@1.13.4: {}

  picocolors@1.1.1: {}

  pixi-live2d-display-lipsyncpatch@0.5.0-ls-8(pixi.js@7.4.3):
    dependencies:
      pixi.js: 7.4.3
    optionalDependencies:
      '@rollup/rollup-linux-x64-gnu': 4.50.1
      terser: 5.44.0

  pixi.js@7.4.3:
    dependencies:
      '@pixi/accessibility': 7.4.3(@pixi/core@7.4.3)(@pixi/display@7.4.3(@pixi/core@7.4.3))(@pixi/events@7.4.3(@pixi/core@7.4.3)(@pixi/display@7.4.3(@pixi/core@7.4.3)))
      '@pixi/app': 7.4.3(@pixi/core@7.4.3)(@pixi/display@7.4.3(@pixi/core@7.4.3))
      '@pixi/assets': 7.4.3(@pixi/core@7.4.3)
      '@pixi/compressed-textures': 7.4.3(@pixi/assets@7.4.3(@pixi/core@7.4.3))(@pixi/core@7.4.3)
      '@pixi/core': 7.4.3
      '@pixi/display': 7.4.3(@pixi/core@7.4.3)
      '@pixi/events': 7.4.3(@pixi/core@7.4.3)(@pixi/display@7.4.3(@pixi/core@7.4.3))
      '@pixi/extensions': 7.4.3
      '@pixi/extract': 7.4.3(@pixi/core@7.4.3)
      '@pixi/filter-alpha': 7.4.3(@pixi/core@7.4.3)
      '@pixi/filter-blur': 7.4.3(@pixi/core@7.4.3)
      '@pixi/filter-color-matrix': 7.4.3(@pixi/core@7.4.3)
      '@pixi/filter-displacement': 7.4.3(@pixi/core@7.4.3)
      '@pixi/filter-fxaa': 7.4.3(@pixi/core@7.4.3)
      '@pixi/filter-noise': 7.4.3(@pixi/core@7.4.3)
      '@pixi/graphics': 7.4.3(@pixi/core@7.4.3)(@pixi/display@7.4.3(@pixi/core@7.4.3))(@pixi/sprite@7.4.3(@pixi/core@7.4.3)(@pixi/display@7.4.3(@pixi/core@7.4.3)))
      '@pixi/mesh': 7.4.3(@pixi/core@7.4.3)(@pixi/display@7.4.3(@pixi/core@7.4.3))
      '@pixi/mesh-extras': 7.4.3(@pixi/core@7.4.3)(@pixi/mesh@7.4.3(@pixi/core@7.4.3)(@pixi/display@7.4.3(@pixi/core@7.4.3)))
      '@pixi/mixin-cache-as-bitmap': 7.4.3(@pixi/core@7.4.3)(@pixi/display@7.4.3(@pixi/core@7.4.3))(@pixi/sprite@7.4.3(@pixi/core@7.4.3)(@pixi/display@7.4.3(@pixi/core@7.4.3)))
      '@pixi/mixin-get-child-by-name': 7.4.3(@pixi/display@7.4.3(@pixi/core@7.4.3))
      '@pixi/mixin-get-global-position': 7.4.3(@pixi/core@7.4.3)(@pixi/display@7.4.3(@pixi/core@7.4.3))
      '@pixi/particle-container': 7.4.3(@pixi/core@7.4.3)(@pixi/display@7.4.3(@pixi/core@7.4.3))(@pixi/sprite@7.4.3(@pixi/core@7.4.3)(@pixi/display@7.4.3(@pixi/core@7.4.3)))
      '@pixi/prepare': 7.4.3(@pixi/core@7.4.3)(@pixi/display@7.4.3(@pixi/core@7.4.3))(@pixi/graphics@7.4.3(@pixi/core@7.4.3)(@pixi/display@7.4.3(@pixi/core@7.4.3))(@pixi/sprite@7.4.3(@pixi/core@7.4.3)(@pixi/display@7.4.3(@pixi/core@7.4.3))))(@pixi/text@7.4.3(@pixi/core@7.4.3)(@pixi/sprite@7.4.3(@pixi/core@7.4.3)(@pixi/display@7.4.3(@pixi/core@7.4.3))))
      '@pixi/sprite': 7.4.3(@pixi/core@7.4.3)(@pixi/display@7.4.3(@pixi/core@7.4.3))
      '@pixi/sprite-animated': 7.4.3(@pixi/core@7.4.3)(@pixi/sprite@7.4.3(@pixi/core@7.4.3)(@pixi/display@7.4.3(@pixi/core@7.4.3)))
      '@pixi/sprite-tiling': 7.4.3(@pixi/core@7.4.3)(@pixi/display@7.4.3(@pixi/core@7.4.3))(@pixi/sprite@7.4.3(@pixi/core@7.4.3)(@pixi/display@7.4.3(@pixi/core@7.4.3)))
      '@pixi/spritesheet': 7.4.3(@pixi/assets@7.4.3(@pixi/core@7.4.3))(@pixi/core@7.4.3)
      '@pixi/text': 7.4.3(@pixi/core@7.4.3)(@pixi/sprite@7.4.3(@pixi/core@7.4.3)(@pixi/display@7.4.3(@pixi/core@7.4.3)))
      '@pixi/text-bitmap': 7.4.3(@pixi/assets@7.4.3(@pixi/core@7.4.3))(@pixi/core@7.4.3)(@pixi/display@7.4.3(@pixi/core@7.4.3))(@pixi/mesh@7.4.3(@pixi/core@7.4.3)(@pixi/display@7.4.3(@pixi/core@7.4.3)))(@pixi/text@7.4.3(@pixi/core@7.4.3)(@pixi/sprite@7.4.3(@pixi/core@7.4.3)(@pixi/display@7.4.3(@pixi/core@7.4.3))))
      '@pixi/text-html': 7.4.3(@pixi/core@7.4.3)(@pixi/display@7.4.3(@pixi/core@7.4.3))(@pixi/sprite@7.4.3(@pixi/core@7.4.3)(@pixi/display@7.4.3(@pixi/core@7.4.3)))(@pixi/text@7.4.3(@pixi/core@7.4.3)(@pixi/sprite@7.4.3(@pixi/core@7.4.3)(@pixi/display@7.4.3(@pixi/core@7.4.3))))

  postcss@8.4.31:
    dependencies:
      nanoid: 3.3.11
      picocolors: 1.1.1
      source-map-js: 1.2.1

  punycode@1.4.1: {}

  qs@6.14.0:
    dependencies:
      side-channel: 1.1.0

  react-dom@18.3.1(react@18.3.1):
    dependencies:
      loose-envify: 1.4.0
      react: 18.3.1
      scheduler: 0.23.2

  react@18.3.1:
    dependencies:
      loose-envify: 1.4.0

  scheduler@0.23.2:
    dependencies:
      loose-envify: 1.4.0

  side-channel-list@1.0.0:
    dependencies:
      es-errors: 1.3.0
      object-inspect: 1.13.4

  side-channel-map@1.0.1:
    dependencies:
      call-bound: 1.0.4
      es-errors: 1.3.0
      get-intrinsic: 1.3.0
      object-inspect: 1.13.4

  side-channel-weakmap@1.0.2:
    dependencies:
      call-bound: 1.0.4
      es-errors: 1.3.0
      get-intrinsic: 1.3.0
      object-inspect: 1.13.4
      side-channel-map: 1.0.1

  side-channel@1.1.0:
    dependencies:
      es-errors: 1.3.0
      object-inspect: 1.13.4
      side-channel-list: 1.0.0
      side-channel-map: 1.0.1
      side-channel-weakmap: 1.0.2

  source-map-js@1.2.1: {}

  source-map-support@0.5.21:
    dependencies:
      buffer-from: 1.1.2
      source-map: 0.6.1
    optional: true

  source-map@0.6.1:
    optional: true

  streamsearch@1.1.0: {}

  styled-jsx@5.1.1(react@18.3.1):
    dependencies:
      client-only: 0.0.1
      react: 18.3.1

  terser@5.44.0:
    dependencies:
      '@jridgewell/source-map': 0.3.11
      acorn: 8.15.0
      commander: 2.20.3
      source-map-support: 0.5.21
    optional: true

  tslib@2.8.1: {}

  typescript@5.9.2: {}

  undici-types@6.21.0: {}

  url@0.11.4:
    dependencies:
      punycode: 1.4.1
      qs: 6.14.0
